
Microsoft Visual Studio Solution File, Format Version 12.00
# Visual Studio Version 17
VisualStudioVersion = 17.4.33122.133
MinimumVisualStudioVersion = 10.0.40219.1
Project("{9A19103F-16F7-4668-BE54-9A1E7A4F7556}") = "Console", "Console\Console.csproj", "{F78265C8-27C6-4AB0-B088-74C61E89C24A}"
EndProject
Project("{9A19103F-16F7-4668-BE54-9A1E7A4F7556}") = "Types", "Types\Types.csproj", "{B40A8EF0-15FD-4F5E-9154-6655BE592D6D}"
EndProject
Project("{9A19103F-16F7-4668-BE54-9A1E7A4F7556}") = "LiteDB_Class", "LiteDB\LiteDB_Class.csproj", "{E0AADB13-420F-4F37-9646-87DF10617153}"
EndProject
Project("{9A19103F-16F7-4668-BE54-9A1E7A4F7556}") = "TDC8000", "TDC8001\TDC8000.csproj", "{B6DE6915-695B-4244-8AAD-85000AC25A75}"
EndProject
Project("{FAE04EC0-301F-11D3-BF4B-00C04F79EFBC}") = "DesktopApp", "DesktopApp\DesktopApp.csproj", "{F6CD4B36-ECA6-4B44-B1DF-71C0A11BCBA2}"
EndProject
Global
	GlobalSection(SolutionConfigurationPlatforms) = preSolution
		Debug|Any CPU = Debug|Any CPU
		Release|Any CPU = Release|Any CPU
	EndGlobalSection
	GlobalSection(ProjectConfigurationPlatforms) = postSolution
		{F78265C8-27C6-4AB0-B088-74C61E89C24A}.Debug|Any CPU.ActiveCfg = Debug|Any CPU
		{F78265C8-27C6-4AB0-B088-74C61E89C24A}.Debug|Any CPU.Build.0 = Debug|Any CPU
		{F78265C8-27C6-4AB0-B088-74C61E89C24A}.Release|Any CPU.ActiveCfg = Release|Any CPU
		{F78265C8-27C6-4AB0-B088-74C61E89C24A}.Release|Any CPU.Build.0 = Release|Any CPU
		{B40A8EF0-15FD-4F5E-9154-6655BE592D6D}.Debug|Any CPU.ActiveCfg = Debug|Any CPU
		{B40A8EF0-15FD-4F5E-9154-6655BE592D6D}.Debug|Any CPU.Build.0 = Debug|Any CPU
		{B40A8EF0-15FD-4F5E-9154-6655BE592D6D}.Release|Any CPU.ActiveCfg = Release|Any CPU
		{B40A8EF0-15FD-4F5E-9154-6655BE592D6D}.Release|Any CPU.Build.0 = Release|Any CPU
		{E0AADB13-420F-4F37-9646-87DF10617153}.Debug|Any CPU.ActiveCfg = Debug|Any CPU
		{E0AADB13-420F-4F37-9646-87DF10617153}.Debug|Any CPU.Build.0 = Debug|Any CPU
		{E0AADB13-420F-4F37-9646-87DF10617153}.Release|Any CPU.ActiveCfg = Release|Any CPU
		{E0AADB13-420F-4F37-9646-87DF10617153}.Release|Any CPU.Build.0 = Release|Any CPU
		{B6DE6915-695B-4244-8AAD-85000AC25A75}.Debug|Any CPU.ActiveCfg = Debug|Any CPU
		{B6DE6915-695B-4244-8AAD-85000AC25A75}.Debug|Any CPU.Build.0 = Debug|Any CPU
		{B6DE6915-695B-4244-8AAD-85000AC25A75}.Release|Any CPU.ActiveCfg = Release|Any CPU
		{B6DE6915-695B-4244-8AAD-85000AC25A75}.Release|Any CPU.Build.0 = Release|Any CPU
		{F6CD4B36-ECA6-4B44-B1DF-71C0A11BCBA2}.Debug|Any CPU.ActiveCfg = Debug|Any CPU
		{F6CD4B36-ECA6-4B44-B1DF-71C0A11BCBA2}.Debug|Any CPU.Build.0 = Debug|Any CPU
		{F6CD4B36-ECA6-4B44-B1DF-71C0A11BCBA2}.Release|Any CPU.ActiveCfg = Release|Any CPU
		{F6CD4B36-ECA6-4B44-B1DF-71C0A11BCBA2}.Release|Any CPU.Build.0 = Release|Any CPU
	EndGlobalSection
	GlobalSection(SolutionProperties) = preSolution
		HideSolutionNode = FALSE
	EndGlobalSection
	GlobalSection(ExtensibilityGlobals) = postSolution
		SolutionGuid = {6170D350-859A-47D9-8E65-72C0C40BEC32}
	EndGlobalSection
EndGlobal
